{
  "projects": [
    {
      "projectId": "ezT75DcpvKbBPxGoHLTCXX",
      "version": "latest",
      "dependencies": {},
      "lang": "ts",
      "fileLocks": [
        {
          "type": "globalVariant",
          "assetId": "7IGyl6wzJfg",
          "checksum": "896ceb3d4b6e9fff758b151151cb3a81"
        },
        {
          "assetId": "ezT75DcpvKbBPxGoHLTCXX",
          "type": "projectCss",
          "checksum": "280310f4327b343a3d460119a984e964"
        },
        {
          "type": "renderModule",
          "assetId": "ItGKFxds3h",
          "checksum": "75b8acbf98ce6aaf98af68ae1acdbd2f"
        },
        {
          "type": "cssRules",
          "assetId": "ItGKFxds3h",
          "checksum": "75b8acbf98ce6aaf98af68ae1acdbd2f"
        },
        {
          "type": "renderModule",
          "assetId": "UqeW88rahH",
          "checksum": "7da10cba8e08ee57adb763140ac4ca90"
        },
        {
          "type": "cssRules",
          "assetId": "UqeW88rahH",
          "checksum": "7da10cba8e08ee57adb763140ac4ca90"
        },
        {
          "type": "renderModule",
          "assetId": "e5EL2d-zw3",
          "checksum": "a233c67889e6d3884f79c6449f4ee304"
        },
        {
          "type": "cssRules",
          "assetId": "e5EL2d-zw3",
          "checksum": "a233c67889e6d3884f79c6449f4ee304"
        },
        {
          "type": "renderModule",
          "assetId": "QhOtoSKDzb",
          "checksum": "16c286df815309834d0be9aa179b00b5"
        },
        {
          "type": "cssRules",
          "assetId": "QhOtoSKDzb",
          "checksum": "16c286df815309834d0be9aa179b00b5"
        },
        {
          "type": "image",
          "assetId": "M1opTt_3N",
          "checksum": "bb53592f61f4f3b926c5cd53a7439aa2"
        },
        {
          "type": "image",
          "assetId": "PRxKSnU5f",
          "checksum": "a08dcb08ca00033ad8eaa72d05592837"
        },
        {
          "type": "image",
          "assetId": "xD-AXYpPb",
          "checksum": "4587cc7ef48a204b18fa1c552b424dcd"
        },
        {
          "type": "image",
          "assetId": "RQPKx94Uz",
          "checksum": "d5edfc6d98c7273794eb868d6caaa8e4"
        },
        {
          "type": "image",
          "assetId": "Kor99xrXI",
          "checksum": "a298870b71c4121e85ad9245e5c366fa"
        },
        {
          "type": "image",
          "assetId": "PGpxpsSRu",
          "checksum": "3ac21fa9aba82cc9224c0df33b64883b"
        },
        {
          "type": "image",
          "assetId": "8D4zAQoZY",
          "checksum": "0f633942d1249228940ee996762d3fa2"
        },
        {
          "type": "image",
          "assetId": "0ncbjolk7",
          "checksum": "cace3876431e69a100444a9a2f4db228"
        },
        {
          "type": "image",
          "assetId": "_QqZgtcb4",
          "checksum": "966dad80cdde6ce2489a1ce16bc0b3b5"
        }
      ]
    }
  ],
  "cliVersion": "0.1.167"
}
